// !$*UTF8*$!
{
	archiveVersion = 1;
	classes = {
	};
	objectVersion = 77;
	objects = {

/* Begin PBXContainerItemProxy section */
		C0A000000000000000000020 /* PBXContainerItemProxy */ = {
			isa = PBXContainerItemProxy;
			containerPortal = C0A000000000000000000001 /* Project object */;
			proxyType = 1;
			remoteGlobalIDString = C0A000000000000000000010;
			remoteInfo = Curator;
		};
		C0A0000000000000000000A0 /* PBXContainerItemProxy */ = {
			isa = PBXContainerItemProxy;
			containerPortal = C0A000000000000000000001 /* Project object */;
			proxyType = 1;
			remoteGlobalIDString = C0A000000000000000000010;
			remoteInfo = Curator;
		};
/* End PBXContainerItemProxy section */

/* Begin PBXFileReference section */
		C0A000000000000000000011 /* Curator.app */ = {isa = PBXFileReference; explicitFileType = wrapper.application; includeInIndex = 0; path = Curator.app; sourceTree = BUILT_PRODUCTS_DIR; };
		C0A000000000000000000031 /* CuratorTests.xctest */ = {isa = PBXFileReference; explicitFileType = wrapper.cfbundle; includeInIndex = 0; path = CuratorTests.xctest; sourceTree = BUILT_PRODUCTS_DIR; };
		C0A000000000000000000050 /* Info.plist */ = {isa = PBXFileReference; lastKnownFileType = text.plist.xml; path = Info.plist; sourceTree = "<group>"; };
		C0A000000000000000000051 /* PLAN.md */ = {isa = PBXFileReference; lastKnownFileType = net.daringfireball.markdown; path = PLAN.md; sourceTree = "<group>"; };
		C0A0000000000000000000A1 /* CuratorUITests.xctest */ = {isa = PBXFileReference; explicitFileType = wrapper.cfbundle; includeInIndex = 0; path = CuratorUITests.xctest; sourceTree = BUILT_PRODUCTS_DIR; };
/* End PBXFileReference section */

/* Begin PBXFileSystemSynchronizedRootGroup section */
		C0A000000000000000000012 /* Curator */ = {
			isa = PBXFileSystemSynchronizedRootGroup;
			path = Curator;
			sourceTree = "<group>";
		};
		C0A000000000000000000032 /* CuratorTests */ = {
			isa = PBXFileSystemSynchronizedRootGroup;
			path = CuratorTests;
			sourceTree = "<group>";
		};
		C0A0000000000000000000A2 /* CuratorUITests */ = {
			isa = PBXFileSystemSynchronizedRootGroup;
			path = CuratorUITests;
			sourceTree = "<group>";
		};
/* End PBXFileSystemSynchronizedRootGroup section */

/* Begin PBXFrameworksBuildPhase section */
		C0A000000000000000000014 /* Frameworks */ = {
			isa = PBXFrameworksBuildPhase;
			buildActionMask = 2147483647;
			files = (
			);
			runOnlyForDeploymentPostprocessing = 0;
		};
		C0A000000000000000000034 /* Frameworks */ = {
			isa = PBXFrameworksBuildPhase;
			buildActionMask = 2147483647;
			files = (
			);
			runOnlyForDeploymentPostprocessing = 0;
		};
		C0A0000000000000000000A4 /* Frameworks */ = {
			isa = PBXFrameworksBuildPhase;
			buildActionMask = 2147483647;
			files = (
			);
			runOnlyForDeploymentPostprocessing = 0;
		};
/* End PBXFrameworksBuildPhase section */

/* Begin PBXGroup section */
		C0A000000000000000000002 = {
			isa = PBXGroup;
			children = (
				C0A000000000000000000051 /* PLAN.md */,
				C0A000000000000000000052 /* Config */,
				C0A000000000000000000012 /* Curator */,
				C0A000000000000000000032 /* CuratorTests */,
				C0A0000000000000000000A2 /* CuratorUITests */,
				C0A000000000000000000003 /* Products */,
			);
			sourceTree = "<group>";
		};
		C0A000000000000000000003 /* Products */ = {
			isa = PBXGroup;
			children = (
				C0A000000000000000000011 /* Curator.app */,
				C0A000000000000000000031 /* CuratorTests.xctest */,
				C0A0000000000000000000A1 /* CuratorUITests.xctest */,
			);
			name = Products;
			sourceTree = "<group>";
		};
		C0A000000000000000000052 /* Config */ = {
			isa = PBXGroup;
			children = (
				C0A000000000000000000050 /* Info.plist */,
			);
			path = Config;
			sourceTree = "<group>";
		};
/* End PBXGroup section */

/* Begin PBXNativeTarget section */
		C0A000000000000000000010 /* Curator */ = {
			isa = PBXNativeTarget;
			buildConfigurationList = C0A000000000000000000042 /* Build configuration list for PBXNativeTarget "Curator" */;
			buildPhases = (
				C0A000000000000000000013 /* Sources */,
				C0A000000000000000000014 /* Frameworks */,
				C0A000000000000000000015 /* Resources */,
			);
			buildRules = (
			);
			dependencies = (
			);
			fileSystemSynchronizedGroups = (
				C0A000000000000000000012 /* Curator */,
			);
			name = Curator;
			packageProductDependencies = (
			);
			productName = Curator;
			productReference = C0A000000000000000000011 /* Curator.app */;
			productType = "com.apple.product-type.application";
		};
		C0A000000000000000000030 /* CuratorTests */ = {
			isa = PBXNativeTarget;
			buildConfigurationList = C0A000000000000000000043 /* Build configuration list for PBXNativeTarget "CuratorTests" */;
			buildPhases = (
				C0A000000000000000000033 /* Sources */,
				C0A000000000000000000034 /* Frameworks */,
				C0A000000000000000000035 /* Resources */,
			);
			buildRules = (
			);
			dependencies = (
				C0A000000000000000000021 /* PBXTargetDependency */,
			);
			fileSystemSynchronizedGroups = (
				C0A000000000000000000032 /* CuratorTests */,
			);
			name = CuratorTests;
			packageProductDependencies = (
			);
			productName = CuratorTests;
			productReference = C0A000000000000000000031 /* CuratorTests.xctest */;
			productType = "com.apple.product-type.bundle.unit-test";
		};
		C0A0000000000000000000A6 /* CuratorUITests */ = {
			isa = PBXNativeTarget;
			buildConfigurationList = C0A0000000000000000000A9 /* Build configuration list for PBXNativeTarget "CuratorUITests" */;
			buildPhases = (
				C0A0000000000000000000A7 /* Refuse to build on a host Mac */,
				C0A0000000000000000000A3 /* Sources */,
				C0A0000000000000000000A4 /* Frameworks */,
				C0A0000000000000000000A5 /* Resources */,
			);
			buildRules = (
			);
			dependencies = (
				C0A0000000000000000000A8 /* PBXTargetDependency */,
			);
			fileSystemSynchronizedGroups = (
				C0A0000000000000000000A2 /* CuratorUITests */,
			);
			name = CuratorUITests;
			packageProductDependencies = (
			);
			productName = CuratorUITests;
			productReference = C0A0000000000000000000A1 /* CuratorUITests.xctest */;
			productType = "com.apple.product-type.bundle.ui-testing";
		};
/* End PBXNativeTarget section */

/* Begin PBXProject section */
		C0A000000000000000000001 /* Project object */ = {
			isa = PBXProject;
			attributes = {
				BuildIndependentTargetsInParallel = 1;
				LastSwiftUpdateCheck = 2700;
				LastUpgradeCheck = 2700;
				TargetAttributes = {
					C0A000000000000000000010 = {
						CreatedOnToolsVersion = 27.0;
					};
					C0A000000000000000000030 = {
						CreatedOnToolsVersion = 27.0;
						TestTargetID = C0A000000000000000000010;
					};
					C0A0000000000000000000A6 = {
						CreatedOnToolsVersion = 27.0;
						TestTargetID = C0A000000000000000000010;
					};
				};
			};
			buildConfigurationList = C0A000000000000000000041 /* Build configuration list for PBXProject "Curator" */;
			developmentRegion = en;
			hasScannedForEncodings = 0;
			knownRegions = (
				en,
				Base,
			);
			mainGroup = C0A000000000000000000002;
			minimizedProjectReferenceProxies = 1;
			preferredProjectObjectVersion = 77;
			productRefGroup = C0A000000000000000000003 /* Products */;
			projectDirPath = "";
			projectRoot = "";
			targets = (
				C0A000000000000000000010 /* Curator */,
				C0A000000000000000000030 /* CuratorTests */,
				C0A0000000000000000000A6 /* CuratorUITests */,
			);
		};
/* End PBXProject section */

/* Begin PBXResourcesBuildPhase section */
		C0A000000000000000000015 /* Resources */ = {
			isa = PBXResourcesBuildPhase;
			buildActionMask = 2147483647;
			files = (
			);
			runOnlyForDeploymentPostprocessing = 0;
		};
		C0A000000000000000000035 /* Resources */ = {
			isa = PBXResourcesBuildPhase;
			buildActionMask = 2147483647;
			files = (
			);
			runOnlyForDeploymentPostprocessing = 0;
		};
		C0A0000000000000000000A5 /* Resources */ = {
			isa = PBXResourcesBuildPhase;
			buildActionMask = 2147483647;
			files = (
			);
			runOnlyForDeploymentPostprocessing = 0;
		};
/* End PBXResourcesBuildPhase section */

/* Begin PBXShellScriptBuildPhase section */
		C0A0000000000000000000A7 /* Refuse to build on a host Mac */ = {
			isa = PBXShellScriptBuildPhase;
			alwaysOutOfDate = 1;
			buildActionMask = 2147483647;
			files = (
			);
			inputFileListPaths = (
			);
			inputPaths = (
			);
			name = "Refuse to build on a host Mac";
			outputFileListPaths = (
			);
			outputPaths = (
			);
			runOnlyForDeploymentPostprocessing = 0;
			shellPath = /bin/sh;
			shellScript = "# UI tests load XCTAutomationSupport into every running GUI app; on a host\n# Mac that has crashed other apps (see docs/ui-testing-vm.md). They are\n# built and run only inside a Tart guest, via scripts/run-ui-tests-vm.sh.\nif [ \"$(sysctl -n kern.hv_vmm_present 2>/dev/null)\" != \"1\" ]; then\n  echo \"error: CuratorUITests only build inside a VM. Run scripts/run-ui-tests-vm.sh.\"\n  exit 1\nfi\n";
		};
/* End PBXShellScriptBuildPhase section */

/* Begin PBXSourcesBuildPhase section */
		C0A000000000000000000013 /* Sources */ = {
			isa = PBXSourcesBuildPhase;
			buildActionMask = 2147483647;
			files = (
			);
			runOnlyForDeploymentPostprocessing = 0;
		};
		C0A000000000000000000033 /* Sources */ = {
			isa = PBXSourcesBuildPhase;
			buildActionMask = 2147483647;
			files = (
			);
			runOnlyForDeploymentPostprocessing = 0;
		};
		C0A0000000000000000000A3 /* Sources */ = {
			isa = PBXSourcesBuildPhase;
			buildActionMask = 2147483647;
			files = (
			);
			runOnlyForDeploymentPostprocessing = 0;
		};
/* End PBXSourcesBuildPhase section */

/* Begin PBXTargetDependency section */
		C0A000000000000000000021 /* PBXTargetDependency */ = {
			isa = PBXTargetDependency;
			target = C0A000000000000000000010 /* Curator */;
			targetProxy = C0A000000000000000000020 /* PBXContainerItemProxy */;
		};
		C0A0000000000000000000A8 /* PBXTargetDependency */ = {
			isa = PBXTargetDependency;
			target = C0A000000000000000000010 /* Curator */;
			targetProxy = C0A0000000000000000000A0 /* PBXContainerItemProxy */;
		};
/* End PBXTargetDependency section */

/* Begin XCBuildConfiguration section */
		C0A000000000000000000061 /* Debug */ = {
			isa = XCBuildConfiguration;
			buildSettings = {
				ALWAYS_SEARCH_USER_PATHS = NO;
				ASSETCATALOG_COMPILER_GENERATE_SWIFT_ASSET_SYMBOL_EXTENSIONS = YES;
				CLANG_ENABLE_MODULES = YES;
				CLANG_ENABLE_OBJC_ARC = YES;
				COPY_PHASE_STRIP = NO;
				DEBUG_INFORMATION_FORMAT = dwarf;
				ENABLE_STRICT_OBJC_MSGSEND = YES;
				ENABLE_TESTABILITY = YES;
				ENABLE_USER_SCRIPT_SANDBOXING = YES;
				GCC_OPTIMIZATION_LEVEL = 0;
				GCC_PREPROCESSOR_DEFINITIONS = (
					"DEBUG=1",
					"$(inherited)",
				);
				LOCALIZATION_PREFERS_STRING_CATALOGS = YES;
				MACOSX_DEPLOYMENT_TARGET = 26.0;
				ONLY_ACTIVE_ARCH = YES;
				SDKROOT = macosx;
				SWIFT_ACTIVE_COMPILATION_CONDITIONS = "DEBUG $(inherited)";
				SWIFT_OPTIMIZATION_LEVEL = "-Onone";
			};
			name = Debug;
		};
		C0A000000000000000000062 /* Release */ = {
			isa = XCBuildConfiguration;
			buildSettings = {
				ALWAYS_SEARCH_USER_PATHS = NO;
				ASSETCATALOG_COMPILER_GENERATE_SWIFT_ASSET_SYMBOL_EXTENSIONS = YES;
				CLANG_ENABLE_MODULES = YES;
				CLANG_ENABLE_OBJC_ARC = YES;
				COPY_PHASE_STRIP = NO;
				DEBUG_INFORMATION_FORMAT = "dwarf-with-dsym";
				ENABLE_NS_ASSERTIONS = NO;
				ENABLE_STRICT_OBJC_MSGSEND = YES;
				ENABLE_USER_SCRIPT_SANDBOXING = YES;
				LOCALIZATION_PREFERS_STRING_CATALOGS = YES;
				MACOSX_DEPLOYMENT_TARGET = 26.0;
				SDKROOT = macosx;
				SWIFT_COMPILATION_MODE = wholemodule;
			};
			name = Release;
		};
		C0A000000000000000000063 /* Debug */ = {
			isa = XCBuildConfiguration;
			buildSettings = {
				ASSETCATALOG_COMPILER_APPICON_NAME = AppIcon;
				ASSETCATALOG_COMPILER_GLOBAL_ACCENT_COLOR_NAME = AccentColor;
				CODE_SIGN_IDENTITY = "Apple Development";
				"CODE_SIGN_IDENTITY[sdk=macosx*]" = "Apple Development";
				CODE_SIGN_STYLE = Automatic;
				COMBINE_HIDPI_IMAGES = YES;
				CURRENT_PROJECT_VERSION = 1;
				DEVELOPMENT_TEAM = XV8BAAVZ6V;
				ENABLE_APP_SANDBOX = YES;
				ENABLE_HARDENED_RUNTIME = YES;
				ENABLE_OUTGOING_NETWORK_CONNECTIONS = YES;
				ENABLE_PREVIEWS = YES;
				GENERATE_INFOPLIST_FILE = YES;
				INFOPLIST_FILE = Config/Info.plist;
				INFOPLIST_KEY_CFBundleDisplayName = Curator;
				INFOPLIST_KEY_LSApplicationCategoryType = "public.app-category.entertainment";
				INFOPLIST_KEY_NSLocalNetworkUsageDescription = "Curator connects to your Plex Media Server on the local network to search and browse your library.";
				LD_RUNPATH_SEARCH_PATHS = (
					"$(inherited)",
					"@executable_path/../Frameworks",
				);
				MARKETING_VERSION = 0.0.1;
				PRODUCT_BUNDLE_IDENTIFIER = co.sstools.Curator;
				PRODUCT_NAME = "$(TARGET_NAME)";
				PROVISIONING_PROFILE_SPECIFIER = "";
				SWIFT_APPROACHABLE_CONCURRENCY = YES;
				SWIFT_DEFAULT_ACTOR_ISOLATION = MainActor;
				SWIFT_EMIT_LOC_STRINGS = YES;
				SWIFT_UPCOMING_FEATURE_MEMBER_IMPORT_VISIBILITY = YES;
				SWIFT_VERSION = 6.0;
			};
			name = Debug;
		};
		C0A000000000000000000064 /* Release */ = {
			isa = XCBuildConfiguration;
			buildSettings = {
				ASSETCATALOG_COMPILER_APPICON_NAME = AppIcon;
				ASSETCATALOG_COMPILER_GLOBAL_ACCENT_COLOR_NAME = AccentColor;
				CODE_SIGN_IDENTITY = "Apple Development";
				"CODE_SIGN_IDENTITY[sdk=macosx*]" = "Apple Development";
				CODE_SIGN_STYLE = Automatic;
				COMBINE_HIDPI_IMAGES = YES;
				CURRENT_PROJECT_VERSION = 1;
				DEVELOPMENT_TEAM = XV8BAAVZ6V;
				ENABLE_APP_SANDBOX = YES;
				ENABLE_HARDENED_RUNTIME = YES;
				ENABLE_OUTGOING_NETWORK_CONNECTIONS = YES;
				ENABLE_PREVIEWS = YES;
				GENERATE_INFOPLIST_FILE = YES;
				INFOPLIST_FILE = Config/Info.plist;
				INFOPLIST_KEY_CFBundleDisplayName = Curator;
				INFOPLIST_KEY_LSApplicationCategoryType = "public.app-category.entertainment";
				INFOPLIST_KEY_NSLocalNetworkUsageDescription = "Curator connects to your Plex Media Server on the local network to search and browse your library.";
				LD_RUNPATH_SEARCH_PATHS = (
					"$(inherited)",
					"@executable_path/../Frameworks",
				);
				MARKETING_VERSION = 0.0.1;
				PRODUCT_BUNDLE_IDENTIFIER = co.sstools.Curator;
				PRODUCT_NAME = "$(TARGET_NAME)";
				PROVISIONING_PROFILE_SPECIFIER = "";
				SWIFT_APPROACHABLE_CONCURRENCY = YES;
				SWIFT_DEFAULT_ACTOR_ISOLATION = MainActor;
				SWIFT_EMIT_LOC_STRINGS = YES;
				SWIFT_UPCOMING_FEATURE_MEMBER_IMPORT_VISIBILITY = YES;
				SWIFT_VERSION = 6.0;
			};
			name = Release;
		};
		C0A000000000000000000065 /* Debug */ = {
			isa = XCBuildConfiguration;
			buildSettings = {
				BUNDLE_LOADER = "$(TEST_HOST)";
				CODE_SIGN_IDENTITY = "Apple Development";
				"CODE_SIGN_IDENTITY[sdk=macosx*]" = "Apple Development";
				CODE_SIGN_STYLE = Automatic;
				CURRENT_PROJECT_VERSION = 1;
				DEVELOPMENT_TEAM = XV8BAAVZ6V;
				GENERATE_INFOPLIST_FILE = YES;
				MARKETING_VERSION = 0.0.1;
				PRODUCT_BUNDLE_IDENTIFIER = co.sstools.CuratorTests;
				PRODUCT_NAME = "$(TARGET_NAME)";
				PROVISIONING_PROFILE_SPECIFIER = "";
				SWIFT_APPROACHABLE_CONCURRENCY = YES;
				SWIFT_EMIT_LOC_STRINGS = NO;
				SWIFT_UPCOMING_FEATURE_MEMBER_IMPORT_VISIBILITY = YES;
				SWIFT_VERSION = 6.0;
				TEST_HOST = "$(BUILT_PRODUCTS_DIR)/Curator.app/$(BUNDLE_EXECUTABLE_FOLDER_PATH)/Curator";
			};
			name = Debug;
		};
		C0A000000000000000000066 /* Release */ = {
			isa = XCBuildConfiguration;
			buildSettings = {
				BUNDLE_LOADER = "$(TEST_HOST)";
				CODE_SIGN_IDENTITY = "Apple Development";
				"CODE_SIGN_IDENTITY[sdk=macosx*]" = "Apple Development";
				CODE_SIGN_STYLE = Automatic;
				CURRENT_PROJECT_VERSION = 1;
				DEVELOPMENT_TEAM = XV8BAAVZ6V;
				GENERATE_INFOPLIST_FILE = YES;
				MARKETING_VERSION = 0.0.1;
				PRODUCT_BUNDLE_IDENTIFIER = co.sstools.CuratorTests;
				PRODUCT_NAME = "$(TARGET_NAME)";
				PROVISIONING_PROFILE_SPECIFIER = "";
				SWIFT_APPROACHABLE_CONCURRENCY = YES;
				SWIFT_EMIT_LOC_STRINGS = NO;
				SWIFT_UPCOMING_FEATURE_MEMBER_IMPORT_VISIBILITY = YES;
				SWIFT_VERSION = 6.0;
				TEST_HOST = "$(BUILT_PRODUCTS_DIR)/Curator.app/$(BUNDLE_EXECUTABLE_FOLDER_PATH)/Curator";
			};
			name = Release;
		};
		C0A0000000000000000000AA /* Debug */ = {
			isa = XCBuildConfiguration;
			buildSettings = {
				CODE_SIGN_IDENTITY = "Apple Development";
				"CODE_SIGN_IDENTITY[sdk=macosx*]" = "Apple Development";
				CODE_SIGN_STYLE = Automatic;
				CURRENT_PROJECT_VERSION = 1;
				DEVELOPMENT_TEAM = XV8BAAVZ6V;
				GENERATE_INFOPLIST_FILE = YES;
				MARKETING_VERSION = 0.0.1;
				PRODUCT_BUNDLE_IDENTIFIER = co.sstools.CuratorUITests;
				PRODUCT_NAME = "$(TARGET_NAME)";
				SWIFT_APPROACHABLE_CONCURRENCY = YES;
				SWIFT_EMIT_LOC_STRINGS = NO;
				SWIFT_UPCOMING_FEATURE_MEMBER_IMPORT_VISIBILITY = YES;
				SWIFT_VERSION = 6.0;
				TEST_TARGET_NAME = Curator;
			};
			name = Debug;
		};
		C0A0000000000000000000AB /* Release */ = {
			isa = XCBuildConfiguration;
			buildSettings = {
				CODE_SIGN_IDENTITY = "Apple Development";
				"CODE_SIGN_IDENTITY[sdk=macosx*]" = "Apple Development";
				CODE_SIGN_STYLE = Automatic;
				CURRENT_PROJECT_VERSION = 1;
				DEVELOPMENT_TEAM = XV8BAAVZ6V;
				GENERATE_INFOPLIST_FILE = YES;
				MARKETING_VERSION = 0.0.1;
				PRODUCT_BUNDLE_IDENTIFIER = co.sstools.CuratorUITests;
				PRODUCT_NAME = "$(TARGET_NAME)";
				SWIFT_APPROACHABLE_CONCURRENCY = YES;
				SWIFT_EMIT_LOC_STRINGS = NO;
				SWIFT_UPCOMING_FEATURE_MEMBER_IMPORT_VISIBILITY = YES;
				SWIFT_VERSION = 6.0;
				TEST_TARGET_NAME = Curator;
			};
			name = Release;
		};
/* End XCBuildConfiguration section */

/* Begin XCConfigurationList section */
		C0A000000000000000000041 /* Build configuration list for PBXProject "Curator" */ = {
			isa = XCConfigurationList;
			buildConfigurations = (
				C0A000000000000000000061 /* Debug */,
				C0A000000000000000000062 /* Release */,
			);
			defaultConfigurationIsVisible = 0;
			defaultConfigurationName = Release;
		};
		C0A000000000000000000042 /* Build configuration list for PBXNativeTarget "Curator" */ = {
			isa = XCConfigurationList;
			buildConfigurations = (
				C0A000000000000000000063 /* Debug */,
				C0A000000000000000000064 /* Release */,
			);
			defaultConfigurationIsVisible = 0;
			defaultConfigurationName = Release;
		};
		C0A000000000000000000043 /* Build configuration list for PBXNativeTarget "CuratorTests" */ = {
			isa = XCConfigurationList;
			buildConfigurations = (
				C0A000000000000000000065 /* Debug */,
				C0A000000000000000000066 /* Release */,
			);
			defaultConfigurationIsVisible = 0;
			defaultConfigurationName = Release;
		};
		C0A0000000000000000000A9 /* Build configuration list for PBXNativeTarget "CuratorUITests" */ = {
			isa = XCConfigurationList;
			buildConfigurations = (
				C0A0000000000000000000AA /* Debug */,
				C0A0000000000000000000AB /* Release */,
			);
			defaultConfigurationIsVisible = 0;
			defaultConfigurationName = Release;
		};
/* End XCConfigurationList section */
	};
	rootObject = C0A000000000000000000001 /* Project object */;
}
